
Microsoft Visual Studio Solution File, Format Version 12.00
# Visual Studio Version 17
VisualStudioVersion = 17.9.34728.123
MinimumVisualStudioVersion = 10.0.40219.1
Project("{FAE04EC0-301F-11D3-BF4B-00C04F79EFBC}") = "MyCinema.WebApi", "src\MyCinema.WebApi\MyCinema.WebApi.csproj", "{5882F315-8090-4B75-82F7-1E8F6CC27154}"
EndProject
Global
	GlobalSection(SolutionConfigurationPlatforms) = preSolution
		Debug|Any CPU = Debug|Any CPU
		Release|Any CPU = Release|Any CPU
	EndGlobalSection
	GlobalSection(ProjectConfigurationPlatforms) = postSolution
		{5882F315-8090-4B75-82F7-1E8F6CC27154}.Debug|Any CPU.ActiveCfg = Debug|Any CPU
		{5882F315-8090-4B75-82F7-1E8F6CC27154}.Debug|Any CPU.Build.0 = Debug|Any CPU
		{5882F315-8090-4B75-82F7-1E8F6CC27154}.Release|Any CPU.ActiveCfg = Release|Any CPU
		{5882F315-8090-4B75-82F7-1E8F6CC27154}.Release|Any CPU.Build.0 = Release|Any CPU
	EndGlobalSection
	GlobalSection(SolutionProperties) = preSolution
		HideSolutionNode = FALSE
	EndGlobalSection
	GlobalSection(ExtensibilityGlobals) = postSolution
		SolutionGuid = {F5026896-7EA9-4398-80C1-A0FE3D073E74}
	EndGlobalSection
EndGlobal
